PODS:
  - Alamofire (4.9.1)
  - SwiftyJSON (4.3.0)

DEPENDENCIES:
  - Alamofire (~> 4.5)
  - SwiftyJSON (~> 4.0)

SPEC REPOS:
  trunk:
    - Alamofire
    - SwiftyJSON

SPEC CHECKSUMS:
  Alamofire: 85e8a02c69d6020a0d734f6054870d7ecb75cf18
  SwiftyJSON: 6faa0040f8b59dead0ee07436cbf76b73c08fd08

PODFILE CHECKSUM: 4c8a543f13661d3129f00c5ff31fd33744354684

COCOAPODS: 1.11.3
