// !$*UTF8*$!
{
	archiveVersion = 1;
	classes = {
	};
	objectVersion = 56;
	objects = {

/* Begin PBXBuildFile section */
		6C07F1AB28DCF15C0085FE8A /* AppDelegate.swift in Sources */ = {isa = PBXBuildFile; fileRef = 6C07F1AA28DCF15C0085FE8A /* AppDelegate.swift */; };
		6C07F1AD28DCF15C0085FE8A /* SceneDelegate.swift in Sources */ = {isa = PBXBuildFile; fileRef = 6C07F1AC28DCF15C0085FE8A /* SceneDelegate.swift */; };
		6C07F1AF28DCF15C0085FE8A /* ViewController.swift in Sources */ = {isa = PBXBuildFile; fileRef = 6C07F1AE28DCF15C0085FE8A /* ViewController.swift */; };
		6C07F1B228DCF15C0085FE8A /* Main.storyboard in Resources */ = {isa = PBXBuildFile; fileRef = 6C07F1B028DCF15C0085FE8A /* Main.storyboard */; };
		6C07F1B428DCF15E0085FE8A /* Assets.xcassets in Resources */ = {isa = PBXBuildFile; fileRef = 6C07F1B328DCF15E0085FE8A /* Assets.xcassets */; };
		6C07F1B728DCF15E0085FE8A /* LaunchScreen.storyboard in Resources */ = {isa = PBXBuildFile; fileRef = 6C07F1B528DCF15E0085FE8A /* LaunchScreen.storyboard */; };
		6C07F1C228DCF15E0085FE8A /* iOSMSNTests.swift in Sources */ = {isa = PBXBuildFile; fileRef = 6C07F1C128DCF15E0085FE8A /* iOSMSNTests.swift */; };
		6C07F1CC28DCF15E0085FE8A /* iOSMSNUITests.swift in Sources */ = {isa = PBXBuildFile; fileRef = 6C07F1CB28DCF15E0085FE8A /* iOSMSNUITests.swift */; };
		6C07F1CE28DCF15E0085FE8A /* iOSMSNUITestsLaunchTests.swift in Sources */ = {isa = PBXBuildFile; fileRef = 6C07F1CD28DCF15E0085FE8A /* iOSMSNUITestsLaunchTests.swift */; };
/* End PBXBuildFile section */

/* Begin PBXContainerItemProxy section */
		6C07F1BE28DCF15E0085FE8A /* PBXContainerItemProxy */ = {
			isa = PBXContainerItemProxy;
			containerPortal = 6C07F19F28DCF15C0085FE8A /* Project object */;
			proxyType = 1;
			remoteGlobalIDString = 6C07F1A628DCF15C0085FE8A;
			remoteInfo = iOSMSN;
		};
		6C07F1C828DCF15E0085FE8A /* PBXContainerItemProxy */ = {
			isa = PBXContainerItemProxy;
			containerPortal = 6C07F19F28DCF15C0085FE8A /* Project object */;
			proxyType = 1;
			remoteGlobalIDString = 6C07F1A628DCF15C0085FE8A;
			remoteInfo = iOSMSN;
		};
/* End PBXContainerItemProxy section */

/* Begin PBXFileReference section */
		6C07F1A728DCF15C0085FE8A /* iOSMSN.app */ = {isa = PBXFileReference; explicitFileType = wrapper.application; includeInIndex = 0; path = iOSMSN.app; sourceTree = BUILT_PRODUCTS_DIR; };
		6C07F1AA28DCF15C0085FE8A /* AppDelegate.swift */ = {isa = PBXFileReference; lastKnownFileType = sourcecode.swift; path = AppDelegate.swift; sourceTree = "<group>"; };
		6C07F1AC28DCF15C0085FE8A /* SceneDelegate.swift */ = {isa = PBXFileReference; lastKnownFileType = sourcecode.swift; path = SceneDelegate.swift; sourceTree = "<group>"; };
		6C07F1AE28DCF15C0085FE8A /* ViewController.swift */ = {isa = PBXFileReference; lastKnownFileType = sourcecode.swift; path = ViewController.swift; sourceTree = "<group>"; };
		6C07F1B128DCF15C0085FE8A /* Base */ = {isa = PBXFileReference; lastKnownFileType = file.storyboard; name = Base; path = Base.lproj/Main.storyboard; sourceTree = "<group>"; };
		6C07F1B328DCF15E0085FE8A /* Assets.xcassets */ = {isa = PBXFileReference; lastKnownFileType = folder.assetcatalog; path = Assets.xcassets; sourceTree = "<group>"; };
		6C07F1B628DCF15E0085FE8A /* Base */ = {isa = PBXFileReference; lastKnownFileType = file.storyboard; name = Base; path = Base.lproj/LaunchScreen.storyboard; sourceTree = "<group>"; };
		6C07F1B828DCF15E0085FE8A /* Info.plist */ = {isa = PBXFileReference; lastKnownFileType = text.plist.xml; path = Info.plist; sourceTree = "<group>"; };
		6C07F1BD28DCF15E0085FE8A /* iOSMSNTests.xctest */ = {isa = PBXFileReference; explicitFileType = wrapper.cfbundle; includeInIndex = 0; path = iOSMSNTests.xctest; sourceTree = BUILT_PRODUCTS_DIR; };
		6C07F1C128DCF15E0085FE8A /* iOSMSNTests.swift */ = {isa = PBXFileReference; lastKnownFileType = sourcecode.swift; path = iOSMSNTests.swift; sourceTree = "<group>"; };
		6C07F1C728DCF15E0085FE8A /* iOSMSNUITests.xctest */ = {isa = PBXFileReference; explicitFileType = wrapper.cfbundle; includeInIndex = 0; path = iOSMSNUITests.xctest; sourceTree = BUILT_PRODUCTS_DIR; };
		6C07F1CB28DCF15E0085FE8A /* iOSMSNUITests.swift */ = {isa = PBXFileReference; lastKnownFileType = sourcecode.swift; path = iOSMSNUITests.swift; sourceTree = "<group>"; };
		6C07F1CD28DCF15E0085FE8A /* iOSMSNUITestsLaunchTests.swift */ = {isa = PBXFileReference; lastKnownFileType = sourcecode.swift; path = iOSMSNUITestsLaunchTests.swift; sourceTree = "<group>"; };
/* End PBXFileReference section */

/* Begin PBXFrameworksBuildPhase section */
		6C07F1A428DCF15C0085FE8A /* Frameworks */ = {
			isa = PBXFrameworksBuildPhase;
			buildActionMask = 2147483647;
			files = (
			);
			runOnlyForDeploymentPostprocessing = 0;
		};
		6C07F1BA28DCF15E0085FE8A /* Frameworks */ = {
			isa = PBXFrameworksBuildPhase;
			buildActionMask = 2147483647;
			files = (
			);
			runOnlyForDeploymentPostprocessing = 0;
		};
		6C07F1C428DCF15E0085FE8A /* Frameworks */ = {
			isa = PBXFrameworksBuildPhase;
			buildActionMask = 2147483647;
			files = (
			);
			runOnlyForDeploymentPostprocessing = 0;
		};
/* End PBXFrameworksBuildPhase section */

/* Begin PBXGroup section */
		6C07F19E28DCF15C0085FE8A = {
			isa = PBXGroup;
			children = (
				6C07F1A928DCF15C0085FE8A /* iOSMSN */,
				6C07F1C028DCF15E0085FE8A /* iOSMSNTests */,
				6C07F1CA28DCF15E0085FE8A /* iOSMSNUITests */,
				6C07F1A828DCF15C0085FE8A /* Products */,
			);
			sourceTree = "<group>";
		};
		6C07F1A828DCF15C0085FE8A /* Products */ = {
			isa = PBXGroup;
			children = (
				6C07F1A728DCF15C0085FE8A /* iOSMSN.app */,
				6C07F1BD28DCF15E0085FE8A /* iOSMSNTests.xctest */,
				6C07F1C728DCF15E0085FE8A /* iOSMSNUITests.xctest */,
			);
			name = Products;
			sourceTree = "<group>";
		};
		6C07F1A928DCF15C0085FE8A /* iOSMSN */ = {
			isa = PBXGroup;
			children = (
				6C07F1AA28DCF15C0085FE8A /* AppDelegate.swift */,
				6C07F1AC28DCF15C0085FE8A /* SceneDelegate.swift */,
				6C07F1AE28DCF15C0085FE8A /* ViewController.swift */,
				6C07F1B028DCF15C0085FE8A /* Main.storyboard */,
				6C07F1B328DCF15E0085FE8A /* Assets.xcassets */,
				6C07F1B528DCF15E0085FE8A /* LaunchScreen.storyboard */,
				6C07F1B828DCF15E0085FE8A /* Info.plist */,
			);
			path = iOSMSN;
			sourceTree = "<group>";
		};
		6C07F1C028DCF15E0085FE8A /* iOSMSNTests */ = {
			isa = PBXGroup;
			children = (
				6C07F1C128DCF15E0085FE8A /* iOSMSNTests.swift */,
			);
			path = iOSMSNTests;
			sourceTree = "<group>";
		};
		6C07F1CA28DCF15E0085FE8A /* iOSMSNUITests */ = {
			isa = PBXGroup;
			children = (
				6C07F1CB28DCF15E0085FE8A /* iOSMSNUITests.swift */,
				6C07F1CD28DCF15E0085FE8A /* iOSMSNUITestsLaunchTests.swift */,
			);
			path = iOSMSNUITests;
			sourceTree = "<group>";
		};
/* End PBXGroup section */

/* Begin PBXNativeTarget section */
		6C07F1A628DCF15C0085FE8A /* iOSMSN */ = {
			isa = PBXNativeTarget;
			buildConfigurationList = 6C07F1D128DCF15E0085FE8A /* Build configuration list for PBXNativeTarget "iOSMSN" */;
			buildPhases = (
				6C07F1A328DCF15C0085FE8A /* Sources */,
				6C07F1A428DCF15C0085FE8A /* Frameworks */,
				6C07F1A528DCF15C0085FE8A /* Resources */,
			);
			buildRules = (
			);
			dependencies = (
			);
			name = iOSMSN;
			productName = iOSMSN;
			productReference = 6C07F1A728DCF15C0085FE8A /* iOSMSN.app */;
			productType = "com.apple.product-type.application";
		};
		6C07F1BC28DCF15E0085FE8A /* iOSMSNTests */ = {
			isa = PBXNativeTarget;
			buildConfigurationList = 6C07F1D428DCF15E0085FE8A /* Build configuration list for PBXNativeTarget "iOSMSNTests" */;
			buildPhases = (
				6C07F1B928DCF15E0085FE8A /* Sources */,
				6C07F1BA28DCF15E0085FE8A /* Frameworks */,
				6C07F1BB28DCF15E0085FE8A /* Resources */,
			);
			buildRules = (
			);
			dependencies = (
				6C07F1BF28DCF15E0085FE8A /* PBXTargetDependency */,
			);
			name = iOSMSNTests;
			productName = iOSMSNTests;
			productReference = 6C07F1BD28DCF15E0085FE8A /* iOSMSNTests.xctest */;
			productType = "com.apple.product-type.bundle.unit-test";
		};
		6C07F1C628DCF15E0085FE8A /* iOSMSNUITests */ = {
			isa = PBXNativeTarget;
			buildConfigurationList = 6C07F1D728DCF15E0085FE8A /* Build configuration list for PBXNativeTarget "iOSMSNUITests" */;
			buildPhases = (
				6C07F1C328DCF15E0085FE8A /* Sources */,
				6C07F1C428DCF15E0085FE8A /* Frameworks */,
				6C07F1C528DCF15E0085FE8A /* Resources */,
			);
			buildRules = (
			);
			dependencies = (
				6C07F1C928DCF15E0085FE8A /* PBXTargetDependency */,
			);
			name = iOSMSNUITests;
			productName = iOSMSNUITests;
			productReference = 6C07F1C728DCF15E0085FE8A /* iOSMSNUITests.xctest */;
			productType = "com.apple.product-type.bundle.ui-testing";
		};
/* End PBXNativeTarget section */

/* Begin PBXProject section */
		6C07F19F28DCF15C0085FE8A /* Project object */ = {
			isa = PBXProject;
			attributes = {
				BuildIndependentTargetsInParallel = 1;
				LastSwiftUpdateCheck = 1400;
				LastUpgradeCheck = 1400;
				TargetAttributes = {
					6C07F1A628DCF15C0085FE8A = {
						CreatedOnToolsVersion = 14.0;
					};
					6C07F1BC28DCF15E0085FE8A = {
						CreatedOnToolsVersion = 14.0;
						TestTargetID = 6C07F1A628DCF15C0085FE8A;
					};
					6C07F1C628DCF15E0085FE8A = {
						CreatedOnToolsVersion = 14.0;
						TestTargetID = 6C07F1A628DCF15C0085FE8A;
					};
				};
			};
			buildConfigurationList = 6C07F1A228DCF15C0085FE8A /* Build configuration list for PBXProject "iOSMSN" */;
			compatibilityVersion = "Xcode 14.0";
			developmentRegion = en;
			hasScannedForEncodings = 0;
			knownRegions = (
				en,
				Base,
			);
			mainGroup = 6C07F19E28DCF15C0085FE8A;
			productRefGroup = 6C07F1A828DCF15C0085FE8A /* Products */;
			projectDirPath = "";
			projectRoot = "";
			targets = (
				6C07F1A628DCF15C0085FE8A /* iOSMSN */,
				6C07F1BC28DCF15E0085FE8A /* iOSMSNTests */,
				6C07F1C628DCF15E0085FE8A /* iOSMSNUITests */,
			);
		};
/* End PBXProject section */

/* Begin PBXResourcesBuildPhase section */
		6C07F1A528DCF15C0085FE8A /* Resources */ = {
			isa = PBXResourcesBuildPhase;
			buildActionMask = 2147483647;
			files = (
				6C07F1B728DCF15E0085FE8A /* LaunchScreen.storyboard in Resources */,
				6C07F1B428DCF15E0085FE8A /* Assets.xcassets in Resources */,
				6C07F1B228DCF15C0085FE8A /* Main.storyboard in Resources */,
			);
			runOnlyForDeploymentPostprocessing = 0;
		};
		6C07F1BB28DCF15E0085FE8A /* Resources */ = {
			isa = PBXResourcesBuildPhase;
			buildActionMask = 2147483647;
			files = (
			);
			runOnlyForDeploymentPostprocessing = 0;
		};
		6C07F1C528DCF15E0085FE8A /* Resources */ = {
			isa = PBXResourcesBuildPhase;
			buildActionMask = 2147483647;
			files = (
			);
			runOnlyForDeploymentPostprocessing = 0;
		};
/* End PBXResourcesBuildPhase section */

/* Begin PBXSourcesBuildPhase section */
		6C07F1A328DCF15C0085FE8A /* Sources */ = {
			isa = PBXSourcesBuildPhase;
			buildActionMask = 2147483647;
			files = (
				6C07F1AF28DCF15C0085FE8A /* ViewController.swift in Sources */,
				6C07F1AB28DCF15C0085FE8A /* AppDelegate.swift in Sources */,
				6C07F1AD28DCF15C0085FE8A /* SceneDelegate.swift in Sources */,
			);
			runOnlyForDeploymentPostprocessing = 0;
		};
		6C07F1B928DCF15E0085FE8A /* Sources */ = {
			isa = PBXSourcesBuildPhase;
			buildActionMask = 2147483647;
			files = (
				6C07F1C228DCF15E0085FE8A /* iOSMSNTests.swift in Sources */,
			);
			runOnlyForDeploymentPostprocessing = 0;
		};
		6C07F1C328DCF15E0085FE8A /* Sources */ = {
			isa = PBXSourcesBuildPhase;
			buildActionMask = 2147483647;
			files = (
				6C07F1CC28DCF15E0085FE8A /* iOSMSNUITests.swift in Sources */,
				6C07F1CE28DCF15E0085FE8A /* iOSMSNUITestsLaunchTests.swift in Sources */,
			);
			runOnlyForDeploymentPostprocessing = 0;
		};
/* End PBXSourcesBuildPhase section */

/* Begin PBXTargetDependency section */
		6C07F1BF28DCF15E0085FE8A /* PBXTargetDependency */ = {
			isa = PBXTargetDependency;
			target = 6C07F1A628DCF15C0085FE8A /* iOSMSN */;
			targetProxy = 6C07F1BE28DCF15E0085FE8A /* PBXContainerItemProxy */;
		};
		6C07F1C928DCF15E0085FE8A /* PBXTargetDependency */ = {
			isa = PBXTargetDependency;
			target = 6C07F1A628DCF15C0085FE8A /* iOSMSN */;
			targetProxy = 6C07F1C828DCF15E0085FE8A /* PBXContainerItemProxy */;
		};
/* End PBXTargetDependency section */

/* Begin PBXVariantGroup section */
		6C07F1B028DCF15C0085FE8A /* Main.storyboard */ = {
			isa = PBXVariantGroup;
			children = (
				6C07F1B128DCF15C0085FE8A /* Base */,
			);
			name = Main.storyboard;
			sourceTree = "<group>";
		};
		6C07F1B528DCF15E0085FE8A /* LaunchScreen.storyboard */ = {
			isa = PBXVariantGroup;
			children = (
				6C07F1B628DCF15E0085FE8A /* Base */,
			);
			name = LaunchScreen.storyboard;
			sourceTree = "<group>";
		};
/* End PBXVariantGroup section */

/* Begin XCBuildConfiguration section */
		6C07F1CF28DCF15E0085FE8A /* Debug */ = {
			isa = XCBuildConfiguration;
			buildSettings = {
				ALWAYS_SEARCH_USER_PATHS = NO;
				CLANG_ANALYZER_NONNULL = YES;
				CLANG_ANALYZER_NUMBER_OBJECT_CONVERSION = YES_AGGRESSIVE;
				CLANG_CXX_LANGUAGE_STANDARD = "gnu++20";
				CLANG_ENABLE_MODULES = YES;
				CLANG_ENABLE_OBJC_ARC = YES;
				CLANG_ENABLE_OBJC_WEAK = YES;
				CLANG_WARN_BLOCK_CAPTURE_AUTORELEASING = YES;
				CLANG_WARN_BOOL_CONVERSION = YES;
				CLANG_WARN_COMMA = YES;
				CLANG_WARN_CONSTANT_CONVERSION = YES;
				CLANG_WARN_DEPRECATED_OBJC_IMPLEMENTATIONS = YES;
				CLANG_WARN_DIRECT_OBJC_ISA_USAGE = YES_ERROR;
				CLANG_WARN_DOCUMENTATION_COMMENTS = YES;
				CLANG_WARN_EMPTY_BODY = YES;
				CLANG_WARN_ENUM_CONVERSION = YES;
				CLANG_WARN_INFINITE_RECURSION = YES;
				CLANG_WARN_INT_CONVERSION = YES;
				CLANG_WARN_NON_LITERAL_NULL_CONVERSION = YES;
				CLANG_WARN_OBJC_IMPLICIT_RETAIN_SELF = YES;
				CLANG_WARN_OBJC_LITERAL_CONVERSION = YES;
				CLANG_WARN_OBJC_ROOT_CLASS = YES_ERROR;
				CLANG_WARN_QUOTED_INCLUDE_IN_FRAMEWORK_HEADER = YES;
				CLANG_WARN_RANGE_LOOP_ANALYSIS = YES;
				CLANG_WARN_STRICT_PROTOTYPES = YES;
				CLANG_WARN_SUSPICIOUS_MOVE = YES;
				CLANG_WARN_UNGUARDED_AVAILABILITY = YES_AGGRESSIVE;
				CLANG_WARN_UNREACHABLE_CODE = YES;
				CLANG_WARN__DUPLICATE_METHOD_MATCH = YES;
				COPY_PHASE_STRIP = NO;
				DEBUG_INFORMATION_FORMAT = dwarf;
				ENABLE_STRICT_OBJC_MSGSEND = YES;
				ENABLE_TESTABILITY = YES;
				GCC_C_LANGUAGE_STANDARD = gnu11;
				GCC_DYNAMIC_NO_PIC = NO;
				GCC_NO_COMMON_BLOCKS = YES;
				GCC_OPTIMIZATION_LEVEL = 0;
				GCC_PREPROCESSOR_DEFINITIONS = (
					"DEBUG=1",
					"$(inherited)",
				);
				GCC_WARN_64_TO_32_BIT_CONVERSION = YES;
				GCC_WARN_ABOUT_RETURN_TYPE = YES_ERROR;
				GCC_WARN_UNDECLARED_SELECTOR = YES;
				GCC_WARN_UNINITIALIZED_AUTOS = YES_AGGRESSIVE;
				GCC_WARN_UNUSED_FUNCTION = YES;
				GCC_WARN_UNUSED_VARIABLE = YES;
				IPHONEOS_DEPLOYMENT_TARGET = 16.0;
				MTL_ENABLE_DEBUG_INFO = INCLUDE_SOURCE;
				MTL_FAST_MATH = YES;
				ONLY_ACTIVE_ARCH = YES;
				SDKROOT = iphoneos;
				SWIFT_ACTIVE_COMPILATION_CONDITIONS = DEBUG;
				SWIFT_OPTIMIZATION_LEVEL = "-Onone";
			};
			name = Debug;
		};
		6C07F1D028DCF15E0085FE8A /* Release */ = {
			isa = XCBuildConfiguration;
			buildSettings = {
				ALWAYS_SEARCH_USER_PATHS = NO;
				CLANG_ANALYZER_NONNULL = YES;
				CLANG_ANALYZER_NUMBER_OBJECT_CONVERSION = YES_AGGRESSIVE;
				CLANG_CXX_LANGUAGE_STANDARD = "gnu++20";
				CLANG_ENABLE_MODULES = YES;
				CLANG_ENABLE_OBJC_ARC = YES;
				CLANG_ENABLE_OBJC_WEAK = YES;
				CLANG_WARN_BLOCK_CAPTURE_AUTORELEASING = YES;
				CLANG_WARN_BOOL_CONVERSION = YES;
				CLANG_WARN_COMMA = YES;
				CLANG_WARN_CONSTANT_CONVERSION = YES;
				CLANG_WARN_DEPRECATED_OBJC_IMPLEMENTATIONS = YES;
				CLANG_WARN_DIRECT_OBJC_ISA_USAGE = YES_ERROR;
				CLANG_WARN_DOCUMENTATION_COMMENTS = YES;
				CLANG_WARN_EMPTY_BODY = YES;
				CLANG_WARN_ENUM_CONVERSION = YES;
				CLANG_WARN_INFINITE_RECURSION = YES;
				CLANG_WARN_INT_CONVERSION = YES;
				CLANG_WARN_NON_LITERAL_NULL_CONVERSION = YES;
				CLANG_WARN_OBJC_IMPLICIT_RETAIN_SELF = YES;
				CLANG_WARN_OBJC_LITERAL_CONVERSION = YES;
				CLANG_WARN_OBJC_ROOT_CLASS = YES_ERROR;
				CLANG_WARN_QUOTED_INCLUDE_IN_FRAMEWORK_HEADER = YES;
				CLANG_WARN_RANGE_LOOP_ANALYSIS = YES;
				CLANG_WARN_STRICT_PROTOTYPES = YES;
				CLANG_WARN_SUSPICIOUS_MOVE = YES;
				CLANG_WARN_UNGUARDED_AVAILABILITY = YES_AGGRESSIVE;
				CLANG_WARN_UNREACHABLE_CODE = YES;
				CLANG_WARN__DUPLICATE_METHOD_MATCH = YES;
				COPY_PHASE_STRIP = NO;
				DEBUG_INFORMATION_FORMAT = "dwarf-with-dsym";
				ENABLE_NS_ASSERTIONS = NO;
				ENABLE_STRICT_OBJC_MSGSEND = YES;
				GCC_C_LANGUAGE_STANDARD = gnu11;
				GCC_NO_COMMON_BLOCKS = YES;
				GCC_WARN_64_TO_32_BIT_CONVERSION = YES;
				GCC_WARN_ABOUT_RETURN_TYPE = YES_ERROR;
				GCC_WARN_UNDECLARED_SELECTOR = YES;
				GCC_WARN_UNINITIALIZED_AUTOS = YES_AGGRESSIVE;
				GCC_WARN_UNUSED_FUNCTION = YES;
				GCC_WARN_UNUSED_VARIABLE = YES;
				IPHONEOS_DEPLOYMENT_TARGET = 16.0;
				MTL_ENABLE_DEBUG_INFO = NO;
				MTL_FAST_MATH = YES;
				SDKROOT = iphoneos;
				SWIFT_COMPILATION_MODE = wholemodule;
				SWIFT_OPTIMIZATION_LEVEL = "-O";
				VALIDATE_PRODUCT = YES;
			};
			name = Release;
		};
		6C07F1D228DCF15E0085FE8A /* Debug */ = {
			isa = XCBuildConfiguration;
			buildSettings = {
				ASSETCATALOG_COMPILER_APPICON_NAME = AppIcon;
				ASSETCATALOG_COMPILER_GLOBAL_ACCENT_COLOR_NAME = AccentColor;
				CODE_SIGN_STYLE = Automatic;
				CURRENT_PROJECT_VERSION = 1;
				GENERATE_INFOPLIST_FILE = YES;
				INFOPLIST_FILE = iOSMSN/Info.plist;
				INFOPLIST_KEY_UIApplicationSupportsIndirectInputEvents = YES;
				INFOPLIST_KEY_UILaunchStoryboardName = LaunchScreen;
				INFOPLIST_KEY_UIMainStoryboardFile = Main;
				INFOPLIST_KEY_UISupportedInterfaceOrientations_iPad = "UIInterfaceOrientationPortrait UIInterfaceOrientationPortraitUpsideDown UIInterfaceOrientationLandscapeLeft UIInterfaceOrientationLandscapeRight";
				INFOPLIST_KEY_UISupportedInterfaceOrientations_iPhone = "UIInterfaceOrientationPortrait UIInterfaceOrientationLandscapeLeft UIInterfaceOrientationLandscapeRight";
				LD_RUNPATH_SEARCH_PATHS = (
					"$(inherited)",
					"@executable_path/Frameworks",
				);
				MARKETING_VERSION = 1.0;
				PRODUCT_BUNDLE_IDENTIFIER = com.nextframe.iOSMSN;
				PRODUCT_NAME = "$(TARGET_NAME)";
				SWIFT_EMIT_LOC_STRINGS = YES;
				SWIFT_VERSION = 5.0;
				TARGETED_DEVICE_FAMILY = "1,2";
			};
			name = Debug;
		};
		6C07F1D328DCF15E0085FE8A /* Release */ = {
			isa = XCBuildConfiguration;
			buildSettings = {
				ASSETCATALOG_COMPILER_APPICON_NAME = AppIcon;
				ASSETCATALOG_COMPILER_GLOBAL_ACCENT_COLOR_NAME = AccentColor;
				CODE_SIGN_STYLE = Automatic;
				CURRENT_PROJECT_VERSION = 1;
				GENERATE_INFOPLIST_FILE = YES;
				INFOPLIST_FILE = iOSMSN/Info.plist;
				INFOPLIST_KEY_UIApplicationSupportsIndirectInputEvents = YES;
				INFOPLIST_KEY_UILaunchStoryboardName = LaunchScreen;
				INFOPLIST_KEY_UIMainStoryboardFile = Main;
				INFOPLIST_KEY_UISupportedInterfaceOrientations_iPad = "UIInterfaceOrientationPortrait UIInterfaceOrientationPortraitUpsideDown UIInterfaceOrientationLandscapeLeft UIInterfaceOrientationLandscapeRight";
				INFOPLIST_KEY_UISupportedInterfaceOrientations_iPhone = "UIInterfaceOrientationPortrait UIInterfaceOrientationLandscapeLeft UIInterfaceOrientationLandscapeRight";
				LD_RUNPATH_SEARCH_PATHS = (
					"$(inherited)",
					"@executable_path/Frameworks",
				);
				MARKETING_VERSION = 1.0;
				PRODUCT_BUNDLE_IDENTIFIER = com.nextframe.iOSMSN;
				PRODUCT_NAME = "$(TARGET_NAME)";
				SWIFT_EMIT_LOC_STRINGS = YES;
				SWIFT_VERSION = 5.0;
				TARGETED_DEVICE_FAMILY = "1,2";
			};
			name = Release;
		};
		6C07F1D528DCF15E0085FE8A /* Debug */ = {
			isa = XCBuildConfiguration;
			buildSettings = {
				ALWAYS_EMBED_SWIFT_STANDARD_LIBRARIES = YES;
				BUNDLE_LOADER = "$(TEST_HOST)";
				CODE_SIGN_STYLE = Automatic;
				CURRENT_PROJECT_VERSION = 1;
				GENERATE_INFOPLIST_FILE = YES;
				IPHONEOS_DEPLOYMENT_TARGET = 16.0;
				MARKETING_VERSION = 1.0;
				PRODUCT_BUNDLE_IDENTIFIER = com.nextframe.iOSMSNTests;
				PRODUCT_NAME = "$(TARGET_NAME)";
				SWIFT_EMIT_LOC_STRINGS = NO;
				SWIFT_VERSION = 5.0;
				TARGETED_DEVICE_FAMILY = "1,2";
				TEST_HOST = "$(BUILT_PRODUCTS_DIR)/iOSMSN.app/$(BUNDLE_EXECUTABLE_FOLDER_PATH)/iOSMSN";
			};
			name = Debug;
		};
		6C07F1D628DCF15E0085FE8A /* Release */ = {
			isa = XCBuildConfiguration;
			buildSettings = {
				ALWAYS_EMBED_SWIFT_STANDARD_LIBRARIES = YES;
				BUNDLE_LOADER = "$(TEST_HOST)";
				CODE_SIGN_STYLE = Automatic;
				CURRENT_PROJECT_VERSION = 1;
				GENERATE_INFOPLIST_FILE = YES;
				IPHONEOS_DEPLOYMENT_TARGET = 16.0;
				MARKETING_VERSION = 1.0;
				PRODUCT_BUNDLE_IDENTIFIER = com.nextframe.iOSMSNTests;
				PRODUCT_NAME = "$(TARGET_NAME)";
				SWIFT_EMIT_LOC_STRINGS = NO;
				SWIFT_VERSION = 5.0;
				TARGETED_DEVICE_FAMILY = "1,2";
				TEST_HOST = "$(BUILT_PRODUCTS_DIR)/iOSMSN.app/$(BUNDLE_EXECUTABLE_FOLDER_PATH)/iOSMSN";
			};
			name = Release;
		};
		6C07F1D828DCF15E0085FE8A /* Debug */ = {
			isa = XCBuildConfiguration;
			buildSettings = {
				ALWAYS_EMBED_SWIFT_STANDARD_LIBRARIES = YES;
				CODE_SIGN_STYLE = Automatic;
				CURRENT_PROJECT_VERSION = 1;
				GENERATE_INFOPLIST_FILE = YES;
				MARKETING_VERSION = 1.0;
				PRODUCT_BUNDLE_IDENTIFIER = com.nextframe.iOSMSNUITests;
				PRODUCT_NAME = "$(TARGET_NAME)";
				SWIFT_EMIT_LOC_STRINGS = NO;
				SWIFT_VERSION = 5.0;
				TARGETED_DEVICE_FAMILY = "1,2";
				TEST_TARGET_NAME = iOSMSN;
			};
			name = Debug;
		};
		6C07F1D928DCF15E0085FE8A /* Release */ = {
			isa = XCBuildConfiguration;
			buildSettings = {
				ALWAYS_EMBED_SWIFT_STANDARD_LIBRARIES = YES;
				CODE_SIGN_STYLE = Automatic;
				CURRENT_PROJECT_VERSION = 1;
				GENERATE_INFOPLIST_FILE = YES;
				MARKETING_VERSION = 1.0;
				PRODUCT_BUNDLE_IDENTIFIER = com.nextframe.iOSMSNUITests;
				PRODUCT_NAME = "$(TARGET_NAME)";
				SWIFT_EMIT_LOC_STRINGS = NO;
				SWIFT_VERSION = 5.0;
				TARGETED_DEVICE_FAMILY = "1,2";
				TEST_TARGET_NAME = iOSMSN;
			};
			name = Release;
		};
/* End XCBuildConfiguration section */

/* Begin XCConfigurationList section */
		6C07F1A228DCF15C0085FE8A /* Build configuration list for PBXProject "iOSMSN" */ = {
			isa = XCConfigurationList;
			buildConfigurations = (
				6C07F1CF28DCF15E0085FE8A /* Debug */,
				6C07F1D028DCF15E0085FE8A /* Release */,
			);
			defaultConfigurationIsVisible = 0;
			defaultConfigurationName = Release;
		};
		6C07F1D128DCF15E0085FE8A /* Build configuration list for PBXNativeTarget "iOSMSN" */ = {
			isa = XCConfigurationList;
			buildConfigurations = (
				6C07F1D228DCF15E0085FE8A /* Debug */,
				6C07F1D328DCF15E0085FE8A /* Release */,
			);
			defaultConfigurationIsVisible = 0;
			defaultConfigurationName = Release;
		};
		6C07F1D428DCF15E0085FE8A /* Build configuration list for PBXNativeTarget "iOSMSNTests" */ = {
			isa = XCConfigurationList;
			buildConfigurations = (
				6C07F1D528DCF15E0085FE8A /* Debug */,
				6C07F1D628DCF15E0085FE8A /* Release */,
			);
			defaultConfigurationIsVisible = 0;
			defaultConfigurationName = Release;
		};
		6C07F1D728DCF15E0085FE8A /* Build configuration list for PBXNativeTarget "iOSMSNUITests" */ = {
			isa = XCConfigurationList;
			buildConfigurations = (
				6C07F1D828DCF15E0085FE8A /* Debug */,
				6C07F1D928DCF15E0085FE8A /* Release */,
			);
			defaultConfigurationIsVisible = 0;
			defaultConfigurationName = Release;
		};
/* End XCConfigurationList section */
	};
	rootObject = 6C07F19F28DCF15C0085FE8A /* Project object */;
}
